
Microsoft Visual Studio Solution File, Format Version 12.00
# Visual Studio 15
VisualStudioVersion = 15.0.28010.2003
MinimumVisualStudioVersion = 10.0.40219.1
Project("{FAE04EC0-301F-11D3-BF4B-00C04F79EFBC}") = "ComportamientoObserver", "ComportamientoObserver\ComportamientoObserver.csproj", "{D2B35EEA-7377-4B46-9336-75FFF13D4BA3}"
EndProject
Global
	GlobalSection(SolutionConfigurationPlatforms) = preSolution
		Debug|Any CPU = Debug|Any CPU
		Release|Any CPU = Release|Any CPU
	EndGlobalSection
	GlobalSection(ProjectConfigurationPlatforms) = postSolution
		{D2B35EEA-7377-4B46-9336-75FFF13D4BA3}.Debug|Any CPU.ActiveCfg = Debug|Any CPU
		{D2B35EEA-7377-4B46-9336-75FFF13D4BA3}.Debug|Any CPU.Build.0 = Debug|Any CPU
		{D2B35EEA-7377-4B46-9336-75FFF13D4BA3}.Release|Any CPU.ActiveCfg = Release|Any CPU
		{D2B35EEA-7377-4B46-9336-75FFF13D4BA3}.Release|Any CPU.Build.0 = Release|Any CPU
	EndGlobalSection
	GlobalSection(SolutionProperties) = preSolution
		HideSolutionNode = FALSE
	EndGlobalSection
	GlobalSection(ExtensibilityGlobals) = postSolution
		SolutionGuid = {1206099C-8CEC-4DFA-B967-2B338F32459C}
	EndGlobalSection
EndGlobal
