
Microsoft Visual Studio Solution File, Format Version 12.00
# Visual Studio 15
VisualStudioVersion = 15.0.28010.2003
MinimumVisualStudioVersion = 10.0.40219.1
Project("{FAE04EC0-301F-11D3-BF4B-00C04F79EFBC}") = "ComportamientoVisitor", "ComportamientoVisitor\ComportamientoVisitor.csproj", "{E9850649-5754-43D0-9F44-501E8D9EFBD5}"
EndProject
Global
	GlobalSection(SolutionConfigurationPlatforms) = preSolution
		Debug|Any CPU = Debug|Any CPU
		Release|Any CPU = Release|Any CPU
	EndGlobalSection
	GlobalSection(ProjectConfigurationPlatforms) = postSolution
		{E9850649-5754-43D0-9F44-501E8D9EFBD5}.Debug|Any CPU.ActiveCfg = Debug|Any CPU
		{E9850649-5754-43D0-9F44-501E8D9EFBD5}.Debug|Any CPU.Build.0 = Debug|Any CPU
		{E9850649-5754-43D0-9F44-501E8D9EFBD5}.Release|Any CPU.ActiveCfg = Release|Any CPU
		{E9850649-5754-43D0-9F44-501E8D9EFBD5}.Release|Any CPU.Build.0 = Release|Any CPU
	EndGlobalSection
	GlobalSection(SolutionProperties) = preSolution
		HideSolutionNode = FALSE
	EndGlobalSection
	GlobalSection(ExtensibilityGlobals) = postSolution
		SolutionGuid = {26B5B629-6D49-4ED4-9DF6-07A4AB88FB13}
	EndGlobalSection
EndGlobal
