
Microsoft Visual Studio Solution File, Format Version 12.00
# Visual Studio 15
VisualStudioVersion = 15.0.28010.2003
MinimumVisualStudioVersion = 10.0.40219.1
Project("{FAE04EC0-301F-11D3-BF4B-00C04F79EFBC}") = "CreacionalProtoype", "CreacionalProtoype\CreacionalProtoype.csproj", "{B2E1D65E-8EBC-4DC6-BBBB-90ECD831EAB6}"
EndProject
Global
	GlobalSection(SolutionConfigurationPlatforms) = preSolution
		Debug|Any CPU = Debug|Any CPU
		Release|Any CPU = Release|Any CPU
	EndGlobalSection
	GlobalSection(ProjectConfigurationPlatforms) = postSolution
		{B2E1D65E-8EBC-4DC6-BBBB-90ECD831EAB6}.Debug|Any CPU.ActiveCfg = Debug|Any CPU
		{B2E1D65E-8EBC-4DC6-BBBB-90ECD831EAB6}.Debug|Any CPU.Build.0 = Debug|Any CPU
		{B2E1D65E-8EBC-4DC6-BBBB-90ECD831EAB6}.Release|Any CPU.ActiveCfg = Release|Any CPU
		{B2E1D65E-8EBC-4DC6-BBBB-90ECD831EAB6}.Release|Any CPU.Build.0 = Release|Any CPU
	EndGlobalSection
	GlobalSection(SolutionProperties) = preSolution
		HideSolutionNode = FALSE
	EndGlobalSection
	GlobalSection(ExtensibilityGlobals) = postSolution
		SolutionGuid = {F284E628-CD00-4D71-A683-6D521EC5323C}
	EndGlobalSection
EndGlobal
